github.com/gorilla/context v1.1.2 h1:WRkNAv2uoa03QNIc1A6u4O7DAGMUVoopZhkiXWA2V1o=
github.com/gorilla/context v1.1.2/go.mod h1:KDPwT9i/MeWHiLl90fuTgrt4/wPcv75vFAZLaOOcbxM=
github.com/gorilla/mux v1.3.1-0.20170228224354-599cba5e7b61 h1:fgQcA2gW8X1dLTYeaO8N6d1UMxsHczPYRjITrFNjxhk=
github.com/gorilla/mux v1.3.1-0.20170228224354-599cba5e7b61/go.mod h1:1lud6UwP+6orDFRuTfBEV8e9/aOM/c4fVVCaMa2zaAs=
github.com/gorilla/websocket v1.2.1-0.20180306181548-eb925808374e h1:hp2ivm/tQqgPUN/uq+UxkgNOsFbeiKcxG6n//hVHtx0=
github.com/gorilla/websocket v1.2.1-0.20180306181548-eb925808374e/go.mod h1:E7qHFY5m1UJ88s3WnNqhKjPHQ0heANvMoAMk2YaljkQ=
github.com/lib/pq v0.0.0-20180327071824-d34b9ff171c2 h1:hRGSmZu7j271trc9sneMrpOW7GN5ngLm8YUZIPzf394=
github.com/lib/pq v0.0.0-20180327071824-d34b9ff171c2/go.mod h1:5WUZQaWbwv1U+lTReE5YruASi9Al49XbQIvNi/34Woo=
github.com/rs/cors v1.3.1-0.20180322220005-ff3499d70f67 h1:6yOxlMC9SycBe51/GlU/R+0D/Urft3c2LG2+VAYoWZM=
github.com/rs/cors v1.3.1-0.20180322220005-ff3499d70f67/go.mod h1:gFx+x8UowdsKA9AchylcLynDq+nNFfI8FkUZdN/jGCU=
github.com/urfave/negroni v0.2.1-0.20170226005333-c0db5feaa338 h1:CfKbMzp2orRJTHY3gGfszSVHMz/F1nc+7y9zZUFImLY=
github.com/urfave/negroni v0.2.1-0.20170226005333-c0db5feaa338/go.mod h1:Meg73S6kFm/4PpbYdq35yYWoCZ9mS/YSx+lKnmiohz4=
